
Microsoft Visual Studio Solution File, Format Version 12.00
# Visual Studio Version 17
VisualStudioVersion = 17.12.35527.113
MinimumVisualStudioVersion = 15.0.26124.0
Project("{2150E333-8FDC-42A3-9474-1A3956D46DE8}") = "src", "src", "{03272CCF-C675-4EBE-A400-FD35018161A4}"
EndProject
Project("{2150E333-8FDC-42A3-9474-1A3956D46DE8}") = "Tests", "Tests", "{5098B892-F41E-4409-B828-31D3B79FF208}"
EndProject
Project("{E53339B2-1760-4266-BCC7-CA923CBCF16C}") = "docker-compose", "docker-compose.dcproj", "{CABBA3E6-F132-4AAF-86BD-17F432C4656F}"
EndProject
Project("{FAE04EC0-301F-11D3-BF4B-00C04F79EFBC}") = "Api.Tests", "src\Tests\Api.Tests\Api.Tests.csproj", "{0C45D7C0-9966-4BFA-8AD2-6238D7DA64D0}"
EndProject
Project("{FAE04EC0-301F-11D3-BF4B-00C04F79EFBC}") = "Api", "src\Api\Api.csproj", "{B82B2775-994E-4B44-9789-E39E4D2FC018}"
EndProject
Global
	GlobalSection(SolutionConfigurationPlatforms) = preSolution
		Debug|Any CPU = Debug|Any CPU
		Debug|x64 = Debug|x64
		Debug|x86 = Debug|x86
		Release|Any CPU = Release|Any CPU
		Release|x64 = Release|x64
		Release|x86 = Release|x86
	EndGlobalSection
	GlobalSection(ProjectConfigurationPlatforms) = postSolution
		{CABBA3E6-F132-4AAF-86BD-17F432C4656F}.Debug|Any CPU.ActiveCfg = Debug|Any CPU
		{CABBA3E6-F132-4AAF-86BD-17F432C4656F}.Debug|Any CPU.Build.0 = Debug|Any CPU
		{CABBA3E6-F132-4AAF-86BD-17F432C4656F}.Debug|x64.ActiveCfg = Debug|Any CPU
		{CABBA3E6-F132-4AAF-86BD-17F432C4656F}.Debug|x64.Build.0 = Debug|Any CPU
		{CABBA3E6-F132-4AAF-86BD-17F432C4656F}.Debug|x86.ActiveCfg = Debug|Any CPU
		{CABBA3E6-F132-4AAF-86BD-17F432C4656F}.Debug|x86.Build.0 = Debug|Any CPU
		{CABBA3E6-F132-4AAF-86BD-17F432C4656F}.Release|Any CPU.ActiveCfg = Release|Any CPU
		{CABBA3E6-F132-4AAF-86BD-17F432C4656F}.Release|Any CPU.Build.0 = Release|Any CPU
		{CABBA3E6-F132-4AAF-86BD-17F432C4656F}.Release|x64.ActiveCfg = Release|Any CPU
		{CABBA3E6-F132-4AAF-86BD-17F432C4656F}.Release|x64.Build.0 = Release|Any CPU
		{CABBA3E6-F132-4AAF-86BD-17F432C4656F}.Release|x86.ActiveCfg = Release|Any CPU
		{CABBA3E6-F132-4AAF-86BD-17F432C4656F}.Release|x86.Build.0 = Release|Any CPU
		{0C45D7C0-9966-4BFA-8AD2-6238D7DA64D0}.Debug|Any CPU.ActiveCfg = Debug|Any CPU
		{0C45D7C0-9966-4BFA-8AD2-6238D7DA64D0}.Debug|Any CPU.Build.0 = Debug|Any CPU
		{0C45D7C0-9966-4BFA-8AD2-6238D7DA64D0}.Debug|x64.ActiveCfg = Debug|Any CPU
		{0C45D7C0-9966-4BFA-8AD2-6238D7DA64D0}.Debug|x64.Build.0 = Debug|Any CPU
		{0C45D7C0-9966-4BFA-8AD2-6238D7DA64D0}.Debug|x86.ActiveCfg = Debug|Any CPU
		{0C45D7C0-9966-4BFA-8AD2-6238D7DA64D0}.Debug|x86.Build.0 = Debug|Any CPU
		{0C45D7C0-9966-4BFA-8AD2-6238D7DA64D0}.Release|Any CPU.ActiveCfg = Release|Any CPU
		{0C45D7C0-9966-4BFA-8AD2-6238D7DA64D0}.Release|Any CPU.Build.0 = Release|Any CPU
		{0C45D7C0-9966-4BFA-8AD2-6238D7DA64D0}.Release|x64.ActiveCfg = Release|Any CPU
		{0C45D7C0-9966-4BFA-8AD2-6238D7DA64D0}.Release|x64.Build.0 = Release|Any CPU
		{0C45D7C0-9966-4BFA-8AD2-6238D7DA64D0}.Release|x86.ActiveCfg = Release|Any CPU
		{0C45D7C0-9966-4BFA-8AD2-6238D7DA64D0}.Release|x86.Build.0 = Release|Any CPU
		{B82B2775-994E-4B44-9789-E39E4D2FC018}.Debug|Any CPU.ActiveCfg = Debug|Any CPU
		{B82B2775-994E-4B44-9789-E39E4D2FC018}.Debug|Any CPU.Build.0 = Debug|Any CPU
		{B82B2775-994E-4B44-9789-E39E4D2FC018}.Debug|x64.ActiveCfg = Debug|Any CPU
		{B82B2775-994E-4B44-9789-E39E4D2FC018}.Debug|x64.Build.0 = Debug|Any CPU
		{B82B2775-994E-4B44-9789-E39E4D2FC018}.Debug|x86.ActiveCfg = Debug|Any CPU
		{B82B2775-994E-4B44-9789-E39E4D2FC018}.Debug|x86.Build.0 = Debug|Any CPU
		{B82B2775-994E-4B44-9789-E39E4D2FC018}.Release|Any CPU.ActiveCfg = Release|Any CPU
		{B82B2775-994E-4B44-9789-E39E4D2FC018}.Release|Any CPU.Build.0 = Release|Any CPU
		{B82B2775-994E-4B44-9789-E39E4D2FC018}.Release|x64.ActiveCfg = Release|Any CPU
		{B82B2775-994E-4B44-9789-E39E4D2FC018}.Release|x64.Build.0 = Release|Any CPU
		{B82B2775-994E-4B44-9789-E39E4D2FC018}.Release|x86.ActiveCfg = Release|Any CPU
		{B82B2775-994E-4B44-9789-E39E4D2FC018}.Release|x86.Build.0 = Release|Any CPU
	EndGlobalSection
	GlobalSection(SolutionProperties) = preSolution
		HideSolutionNode = FALSE
	EndGlobalSection
	GlobalSection(NestedProjects) = preSolution
		{5098B892-F41E-4409-B828-31D3B79FF208} = {03272CCF-C675-4EBE-A400-FD35018161A4}
		{0C45D7C0-9966-4BFA-8AD2-6238D7DA64D0} = {5098B892-F41E-4409-B828-31D3B79FF208}
		{B82B2775-994E-4B44-9789-E39E4D2FC018} = {03272CCF-C675-4EBE-A400-FD35018161A4}
	EndGlobalSection
	GlobalSection(ExtensibilityGlobals) = postSolution
		SolutionGuid = {66A726EC-31B2-4972-B9C7-3410F8F3292B}
	EndGlobalSection
EndGlobal
